
Microsoft Visual Studio Solution File, Format Version 12.00
# Visual Studio Version 16
VisualStudioVersion = 16.0.30104.148
MinimumVisualStudioVersion = 10.0.40219.1
Project("{FAE04EC0-301F-11D3-BF4B-00C04F79EFBC}") = "Riders.Utils.DiscordRPC", "Riders.Utils.DiscordRPC\Riders.Utils.DiscordRPC.csproj", "{EC286933-5177-44F4-BE65-EE86F8C4D70D}"
EndProject
Project("{2150E333-8FDC-42A3-9474-1A3956D46DE8}") = "Submodules", "Submodules", "{2F602B75-CBB9-44AF-B8CF-F78D423FEE90}"
EndProject
Project("{9A19103F-16F7-4668-BE54-9A1E7A4F7556}") = "Sewer56.SonicRiders", "Submodules\Sewer56.SonicRiders\Sewer56.SonicRiders\Sewer56.SonicRiders.csproj", "{F3679EAD-5C54-465E-901C-1783FFE1D2B2}"
EndProject
Global
	GlobalSection(SolutionConfigurationPlatforms) = preSolution
		Debug|Any CPU = Debug|Any CPU
		Release|Any CPU = Release|Any CPU
	EndGlobalSection
	GlobalSection(ProjectConfigurationPlatforms) = postSolution
		{EC286933-5177-44F4-BE65-EE86F8C4D70D}.Debug|Any CPU.ActiveCfg = Debug|Any CPU
		{EC286933-5177-44F4-BE65-EE86F8C4D70D}.Debug|Any CPU.Build.0 = Debug|Any CPU
		{EC286933-5177-44F4-BE65-EE86F8C4D70D}.Release|Any CPU.ActiveCfg = Release|Any CPU
		{EC286933-5177-44F4-BE65-EE86F8C4D70D}.Release|Any CPU.Build.0 = Release|Any CPU
		{F3679EAD-5C54-465E-901C-1783FFE1D2B2}.Debug|Any CPU.ActiveCfg = Debug|Any CPU
		{F3679EAD-5C54-465E-901C-1783FFE1D2B2}.Debug|Any CPU.Build.0 = Debug|Any CPU
		{F3679EAD-5C54-465E-901C-1783FFE1D2B2}.Release|Any CPU.ActiveCfg = Release|Any CPU
		{F3679EAD-5C54-465E-901C-1783FFE1D2B2}.Release|Any CPU.Build.0 = Release|Any CPU
	EndGlobalSection
	GlobalSection(SolutionProperties) = preSolution
		HideSolutionNode = FALSE
	EndGlobalSection
	GlobalSection(NestedProjects) = preSolution
		{F3679EAD-5C54-465E-901C-1783FFE1D2B2} = {2F602B75-CBB9-44AF-B8CF-F78D423FEE90}
	EndGlobalSection
	GlobalSection(ExtensibilityGlobals) = postSolution
		SolutionGuid = {82EE6834-B98C-4B33-B8DC-DC494AE9EF06}
	EndGlobalSection
EndGlobal
